
Microsoft Visual Studio Solution File, Format Version 12.00
# Visual Studio Version 17
VisualStudioVersion = 17.11.35327.3
MinimumVisualStudioVersion = 10.0.40219.1
Project("{9A19103F-16F7-4668-BE54-9A1E7A4F7556}") = "NorthWind2.Entities", "NorthWind2.Entities\NorthWind2.Entities.csproj", "{B987006C-140D-4982-B403-37399DB9D3BF}"
EndProject
Project("{FAE04EC0-301F-11D3-BF4B-00C04F79EFBC}") = "NorthWind.ConsoleApp", "NorthWind.ConsoleApp\NorthWind.ConsoleApp.csproj", "{9C0CE055-4963-40D0-9CD8-A972621F91BC}"
EndProject
Project("{FAE04EC0-301F-11D3-BF4B-00C04F79EFBC}") = "NorthWind.Writers", "NorthWind.Writers\NorthWind.Writers.csproj", "{70691F63-59F5-4F79-8B8A-75F7BC6CA186}"
EndProject
Global
	GlobalSection(SolutionConfigurationPlatforms) = preSolution
		Debug|Any CPU = Debug|Any CPU
		Release|Any CPU = Release|Any CPU
	EndGlobalSection
	GlobalSection(ProjectConfigurationPlatforms) = postSolution
		{B987006C-140D-4982-B403-37399DB9D3BF}.Debug|Any CPU.ActiveCfg = Debug|Any CPU
		{B987006C-140D-4982-B403-37399DB9D3BF}.Debug|Any CPU.Build.0 = Debug|Any CPU
		{B987006C-140D-4982-B403-37399DB9D3BF}.Release|Any CPU.ActiveCfg = Release|Any CPU
		{B987006C-140D-4982-B403-37399DB9D3BF}.Release|Any CPU.Build.0 = Release|Any CPU
		{9C0CE055-4963-40D0-9CD8-A972621F91BC}.Debug|Any CPU.ActiveCfg = Debug|Any CPU
		{9C0CE055-4963-40D0-9CD8-A972621F91BC}.Debug|Any CPU.Build.0 = Debug|Any CPU
		{9C0CE055-4963-40D0-9CD8-A972621F91BC}.Release|Any CPU.ActiveCfg = Release|Any CPU
		{9C0CE055-4963-40D0-9CD8-A972621F91BC}.Release|Any CPU.Build.0 = Release|Any CPU
		{70691F63-59F5-4F79-8B8A-75F7BC6CA186}.Debug|Any CPU.ActiveCfg = Debug|Any CPU
		{70691F63-59F5-4F79-8B8A-75F7BC6CA186}.Debug|Any CPU.Build.0 = Debug|Any CPU
		{70691F63-59F5-4F79-8B8A-75F7BC6CA186}.Release|Any CPU.ActiveCfg = Release|Any CPU
		{70691F63-59F5-4F79-8B8A-75F7BC6CA186}.Release|Any CPU.Build.0 = Release|Any CPU
	EndGlobalSection
	GlobalSection(SolutionProperties) = preSolution
		HideSolutionNode = FALSE
	EndGlobalSection
	GlobalSection(ExtensibilityGlobals) = postSolution
		SolutionGuid = {616BD73B-8BB6-4992-8285-0A839D3502CC}
	EndGlobalSection
EndGlobal
